
Microsoft Visual Studio Solution File, Format Version 12.00
# Visual Studio 15
VisualStudioVersion = 15.0.28307.1209
MinimumVisualStudioVersion = 10.0.40219.1
Project("{8BC9CEB8-8B4A-11D0-8D11-00A0C91BC942}") = "Fistr_project", "Fistr_project\Fistr_project.vcxproj", "{5DC43554-D2F7-469D-894B-34A5D554CACC}"
EndProject
Global
	GlobalSection(SolutionConfigurationPlatforms) = preSolution
		Debug|x64 = Debug|x64
		Debug|x86 = Debug|x86
		Release|x64 = Release|x64
		Release|x86 = Release|x86
	EndGlobalSection
	GlobalSection(ProjectConfigurationPlatforms) = postSolution
		{5DC43554-D2F7-469D-894B-34A5D554CACC}.Debug|x64.ActiveCfg = Debug|x64
		{5DC43554-D2F7-469D-894B-34A5D554CACC}.Debug|x64.Build.0 = Debug|x64
		{5DC43554-D2F7-469D-894B-34A5D554CACC}.Debug|x86.ActiveCfg = Debug|Win32
		{5DC43554-D2F7-469D-894B-34A5D554CACC}.Debug|x86.Build.0 = Debug|Win32
		{5DC43554-D2F7-469D-894B-34A5D554CACC}.Release|x64.ActiveCfg = Release|x64
		{5DC43554-D2F7-469D-894B-34A5D554CACC}.Release|x64.Build.0 = Release|x64
		{5DC43554-D2F7-469D-894B-34A5D554CACC}.Release|x86.ActiveCfg = Release|Win32
		{5DC43554-D2F7-469D-894B-34A5D554CACC}.Release|x86.Build.0 = Release|Win32
	EndGlobalSection
	GlobalSection(SolutionProperties) = preSolution
		HideSolutionNode = FALSE
	EndGlobalSection
	GlobalSection(ExtensibilityGlobals) = postSolution
		SolutionGuid = {B086918A-4BA3-4340-80FD-47C9AD3202D7}
	EndGlobalSection
EndGlobal
